
Microsoft Visual Studio Solution File, Format Version 12.00
# Visual Studio Version 17
VisualStudioVersion = 17.4.33213.308
MinimumVisualStudioVersion = 10.0.40219.1
Project("{9A19103F-16F7-4668-BE54-9A1E7A4F7556}") = "Z4_16.04.2023_tomasz_Dyda", "Z4_16.04.2023_tomasz_Dyda\Z4_16.04.2023_tomasz_Dyda.csproj", "{51BAB316-9FF5-4123-952A-E4D0BA1CE85E}"
EndProject
Project("{FAE04EC0-301F-11D3-BF4B-00C04F79EFBC}") = "trial", "trial\trial.csproj", "{1CF7ADF7-45AA-4B44-92C4-67A6C4738F66}"
EndProject
Global
	GlobalSection(SolutionConfigurationPlatforms) = preSolution
		Debug|Any CPU = Debug|Any CPU
		Release|Any CPU = Release|Any CPU
	EndGlobalSection
	GlobalSection(ProjectConfigurationPlatforms) = postSolution
		{51BAB316-9FF5-4123-952A-E4D0BA1CE85E}.Debug|Any CPU.ActiveCfg = Debug|Any CPU
		{51BAB316-9FF5-4123-952A-E4D0BA1CE85E}.Debug|Any CPU.Build.0 = Debug|Any CPU
		{51BAB316-9FF5-4123-952A-E4D0BA1CE85E}.Release|Any CPU.ActiveCfg = Release|Any CPU
		{51BAB316-9FF5-4123-952A-E4D0BA1CE85E}.Release|Any CPU.Build.0 = Release|Any CPU
		{1CF7ADF7-45AA-4B44-92C4-67A6C4738F66}.Debug|Any CPU.ActiveCfg = Debug|Any CPU
		{1CF7ADF7-45AA-4B44-92C4-67A6C4738F66}.Debug|Any CPU.Build.0 = Debug|Any CPU
		{1CF7ADF7-45AA-4B44-92C4-67A6C4738F66}.Release|Any CPU.ActiveCfg = Release|Any CPU
		{1CF7ADF7-45AA-4B44-92C4-67A6C4738F66}.Release|Any CPU.Build.0 = Release|Any CPU
	EndGlobalSection
	GlobalSection(SolutionProperties) = preSolution
		HideSolutionNode = FALSE
	EndGlobalSection
	GlobalSection(ExtensibilityGlobals) = postSolution
		SolutionGuid = {B0970879-2A8D-48DC-BA4A-0A2FAF9F6C51}
	EndGlobalSection
EndGlobal
