
Microsoft Visual Studio Solution File, Format Version 12.00
# Visual Studio Version 17
VisualStudioVersion = 17.4.33213.308
MinimumVisualStudioVersion = 10.0.40219.1
Project("{FAE04EC0-301F-11D3-BF4B-00C04F79EFBC}") = "programowanieZajecia1", "programowanieZajecia1\programowanieZajecia1.csproj", "{451B7DEF-423E-435A-ACEC-4021287741CB}"
EndProject
Global
	GlobalSection(SolutionConfigurationPlatforms) = preSolution
		Debug|Any CPU = Debug|Any CPU
		Release|Any CPU = Release|Any CPU
	EndGlobalSection
	GlobalSection(ProjectConfigurationPlatforms) = postSolution
		{451B7DEF-423E-435A-ACEC-4021287741CB}.Debug|Any CPU.ActiveCfg = Debug|Any CPU
		{451B7DEF-423E-435A-ACEC-4021287741CB}.Debug|Any CPU.Build.0 = Debug|Any CPU
		{451B7DEF-423E-435A-ACEC-4021287741CB}.Release|Any CPU.ActiveCfg = Release|Any CPU
		{451B7DEF-423E-435A-ACEC-4021287741CB}.Release|Any CPU.Build.0 = Release|Any CPU
	EndGlobalSection
	GlobalSection(SolutionProperties) = preSolution
		HideSolutionNode = FALSE
	EndGlobalSection
	GlobalSection(ExtensibilityGlobals) = postSolution
		SolutionGuid = {A786BBF5-A9EA-4ACF-BE23-271AD0CA1605}
	EndGlobalSection
EndGlobal
