
Microsoft Visual Studio Solution File, Format Version 12.00
# Visual Studio Version 17
VisualStudioVersion = 17.4.33213.308
MinimumVisualStudioVersion = 10.0.40219.1
Project("{FAE04EC0-301F-11D3-BF4B-00C04F79EFBC}") = "Z1_14.05.2023_tomasz_Dyda", "Z1_14.05.2023_tomasz_Dyda\Z1_14.05.2023_tomasz_Dyda.csproj", "{AE578FD8-57E6-4114-9B7C-D2C3206CDFDC}"
EndProject
Global
	GlobalSection(SolutionConfigurationPlatforms) = preSolution
		Debug|Any CPU = Debug|Any CPU
		Release|Any CPU = Release|Any CPU
	EndGlobalSection
	GlobalSection(ProjectConfigurationPlatforms) = postSolution
		{AE578FD8-57E6-4114-9B7C-D2C3206CDFDC}.Debug|Any CPU.ActiveCfg = Debug|Any CPU
		{AE578FD8-57E6-4114-9B7C-D2C3206CDFDC}.Debug|Any CPU.Build.0 = Debug|Any CPU
		{AE578FD8-57E6-4114-9B7C-D2C3206CDFDC}.Release|Any CPU.ActiveCfg = Release|Any CPU
		{AE578FD8-57E6-4114-9B7C-D2C3206CDFDC}.Release|Any CPU.Build.0 = Release|Any CPU
	EndGlobalSection
	GlobalSection(SolutionProperties) = preSolution
		HideSolutionNode = FALSE
	EndGlobalSection
	GlobalSection(ExtensibilityGlobals) = postSolution
		SolutionGuid = {E3D907C9-114F-46A5-BC67-0B9A2FD58A9A}
	EndGlobalSection
EndGlobal
