
Microsoft Visual Studio Solution File, Format Version 12.00
# Visual Studio Version 17
VisualStudioVersion = 17.3.32922.545
MinimumVisualStudioVersion = 10.0.40219.1
Project("{FAE04EC0-301F-11D3-BF4B-00C04F79EFBC}") = "BasicDateTypes", "BasicDateTypes\BasicDateTypes.csproj", "{FBBE03CF-DE9D-493D-8081-DA5A08128D8F}"
EndProject
Global
	GlobalSection(SolutionConfigurationPlatforms) = preSolution
		Debug|Any CPU = Debug|Any CPU
		Release|Any CPU = Release|Any CPU
	EndGlobalSection
	GlobalSection(ProjectConfigurationPlatforms) = postSolution
		{FBBE03CF-DE9D-493D-8081-DA5A08128D8F}.Debug|Any CPU.ActiveCfg = Debug|Any CPU
		{FBBE03CF-DE9D-493D-8081-DA5A08128D8F}.Debug|Any CPU.Build.0 = Debug|Any CPU
		{FBBE03CF-DE9D-493D-8081-DA5A08128D8F}.Release|Any CPU.ActiveCfg = Release|Any CPU
		{FBBE03CF-DE9D-493D-8081-DA5A08128D8F}.Release|Any CPU.Build.0 = Release|Any CPU
	EndGlobalSection
	GlobalSection(SolutionProperties) = preSolution
		HideSolutionNode = FALSE
	EndGlobalSection
	GlobalSection(ExtensibilityGlobals) = postSolution
		SolutionGuid = {3707F65C-7101-4530-89D6-700FC920FEDA}
	EndGlobalSection
EndGlobal
