
Microsoft Visual Studio Solution File, Format Version 12.00
# Visual Studio Version 17
VisualStudioVersion = 17.4.33213.308
MinimumVisualStudioVersion = 10.0.40219.1
Project("{FAE04EC0-301F-11D3-BF4B-00C04F79EFBC}") = "C1_16.04.2023_tomasz_dyda", "C1_16.04.2023_tomasz_dyda\C1_16.04.2023_tomasz_dyda.csproj", "{DAC2433B-32A8-4C78-BF84-F57B941A0C7C}"
EndProject
Global
	GlobalSection(SolutionConfigurationPlatforms) = preSolution
		Debug|Any CPU = Debug|Any CPU
		Release|Any CPU = Release|Any CPU
	EndGlobalSection
	GlobalSection(ProjectConfigurationPlatforms) = postSolution
		{DAC2433B-32A8-4C78-BF84-F57B941A0C7C}.Debug|Any CPU.ActiveCfg = Debug|Any CPU
		{DAC2433B-32A8-4C78-BF84-F57B941A0C7C}.Debug|Any CPU.Build.0 = Debug|Any CPU
		{DAC2433B-32A8-4C78-BF84-F57B941A0C7C}.Release|Any CPU.ActiveCfg = Release|Any CPU
		{DAC2433B-32A8-4C78-BF84-F57B941A0C7C}.Release|Any CPU.Build.0 = Release|Any CPU
	EndGlobalSection
	GlobalSection(SolutionProperties) = preSolution
		HideSolutionNode = FALSE
	EndGlobalSection
	GlobalSection(ExtensibilityGlobals) = postSolution
		SolutionGuid = {8D0C8167-11CA-423D-B6BD-EA20EA58E17D}
	EndGlobalSection
EndGlobal
