
Microsoft Visual Studio Solution File, Format Version 12.00
# Visual Studio Version 17
VisualStudioVersion = 17.4.33213.308
MinimumVisualStudioVersion = 10.0.40219.1
Project("{FAE04EC0-301F-11D3-BF4B-00C04F79EFBC}") = "Z2_05.03.2023_tomasz_dyda", "Z2_05.03.2023_tomasz_dyda\Z2_05.03.2023_tomasz_dyda.csproj", "{BC52E48A-3805-4793-8B6B-B9D54F7D6B05}"
EndProject
Global
	GlobalSection(SolutionConfigurationPlatforms) = preSolution
		Debug|Any CPU = Debug|Any CPU
		Release|Any CPU = Release|Any CPU
	EndGlobalSection
	GlobalSection(ProjectConfigurationPlatforms) = postSolution
		{BC52E48A-3805-4793-8B6B-B9D54F7D6B05}.Debug|Any CPU.ActiveCfg = Debug|Any CPU
		{BC52E48A-3805-4793-8B6B-B9D54F7D6B05}.Debug|Any CPU.Build.0 = Debug|Any CPU
		{BC52E48A-3805-4793-8B6B-B9D54F7D6B05}.Release|Any CPU.ActiveCfg = Release|Any CPU
		{BC52E48A-3805-4793-8B6B-B9D54F7D6B05}.Release|Any CPU.Build.0 = Release|Any CPU
	EndGlobalSection
	GlobalSection(SolutionProperties) = preSolution
		HideSolutionNode = FALSE
	EndGlobalSection
	GlobalSection(ExtensibilityGlobals) = postSolution
		SolutionGuid = {8ABA80A1-A71B-4FC2-9859-3FC363050F83}
	EndGlobalSection
EndGlobal
