
Microsoft Visual Studio Solution File, Format Version 12.00
# Visual Studio Version 17
VisualStudioVersion = 17.3.32922.545
MinimumVisualStudioVersion = 10.0.40219.1
Project("{FAE04EC0-301F-11D3-BF4B-00C04F79EFBC}") = "równanieKwadratowe", "równanieKwadratowe\równanieKwadratowe.csproj", "{915AF8F3-4111-42AF-BCD9-515B877A0087}"
EndProject
Global
	GlobalSection(SolutionConfigurationPlatforms) = preSolution
		Debug|Any CPU = Debug|Any CPU
		Release|Any CPU = Release|Any CPU
	EndGlobalSection
	GlobalSection(ProjectConfigurationPlatforms) = postSolution
		{915AF8F3-4111-42AF-BCD9-515B877A0087}.Debug|Any CPU.ActiveCfg = Debug|Any CPU
		{915AF8F3-4111-42AF-BCD9-515B877A0087}.Debug|Any CPU.Build.0 = Debug|Any CPU
		{915AF8F3-4111-42AF-BCD9-515B877A0087}.Release|Any CPU.ActiveCfg = Release|Any CPU
		{915AF8F3-4111-42AF-BCD9-515B877A0087}.Release|Any CPU.Build.0 = Release|Any CPU
	EndGlobalSection
	GlobalSection(SolutionProperties) = preSolution
		HideSolutionNode = FALSE
	EndGlobalSection
	GlobalSection(ExtensibilityGlobals) = postSolution
		SolutionGuid = {92C8A9FD-8CAC-45D9-8B32-F2D1553A4C30}
	EndGlobalSection
EndGlobal
