
Microsoft Visual Studio Solution File, Format Version 12.00
# Visual Studio Version 17
VisualStudioVersion = 17.3.32922.545
MinimumVisualStudioVersion = 10.0.40219.1
Project("{FAE04EC0-301F-11D3-BF4B-00C04F79EFBC}") = "ciagFibonacciego", "ciagFibonacciego\ciagFibonacciego.csproj", "{B61B30A6-D709-4E76-B06B-7AE1DF367A10}"
EndProject
Global
	GlobalSection(SolutionConfigurationPlatforms) = preSolution
		Debug|Any CPU = Debug|Any CPU
		Release|Any CPU = Release|Any CPU
	EndGlobalSection
	GlobalSection(ProjectConfigurationPlatforms) = postSolution
		{B61B30A6-D709-4E76-B06B-7AE1DF367A10}.Debug|Any CPU.ActiveCfg = Debug|Any CPU
		{B61B30A6-D709-4E76-B06B-7AE1DF367A10}.Debug|Any CPU.Build.0 = Debug|Any CPU
		{B61B30A6-D709-4E76-B06B-7AE1DF367A10}.Release|Any CPU.ActiveCfg = Release|Any CPU
		{B61B30A6-D709-4E76-B06B-7AE1DF367A10}.Release|Any CPU.Build.0 = Release|Any CPU
	EndGlobalSection
	GlobalSection(SolutionProperties) = preSolution
		HideSolutionNode = FALSE
	EndGlobalSection
	GlobalSection(ExtensibilityGlobals) = postSolution
		SolutionGuid = {79553062-1EF4-420F-92DD-F4938A916BA3}
	EndGlobalSection
EndGlobal
