
Microsoft Visual Studio Solution File, Format Version 12.00
# Visual Studio Version 17
VisualStudioVersion = 17.3.32922.545
MinimumVisualStudioVersion = 10.0.40219.1
Project("{FAE04EC0-301F-11D3-BF4B-00C04F79EFBC}") = "liczbyZespolone", "liczbyZespolone\liczbyZespolone.csproj", "{4A075DE0-FA17-4388-99FB-850B384145BA}"
EndProject
Global
	GlobalSection(SolutionConfigurationPlatforms) = preSolution
		Debug|Any CPU = Debug|Any CPU
		Release|Any CPU = Release|Any CPU
	EndGlobalSection
	GlobalSection(ProjectConfigurationPlatforms) = postSolution
		{4A075DE0-FA17-4388-99FB-850B384145BA}.Debug|Any CPU.ActiveCfg = Debug|Any CPU
		{4A075DE0-FA17-4388-99FB-850B384145BA}.Debug|Any CPU.Build.0 = Debug|Any CPU
		{4A075DE0-FA17-4388-99FB-850B384145BA}.Release|Any CPU.ActiveCfg = Release|Any CPU
		{4A075DE0-FA17-4388-99FB-850B384145BA}.Release|Any CPU.Build.0 = Release|Any CPU
	EndGlobalSection
	GlobalSection(SolutionProperties) = preSolution
		HideSolutionNode = FALSE
	EndGlobalSection
	GlobalSection(ExtensibilityGlobals) = postSolution
		SolutionGuid = {B90C396C-3AA8-4E1E-B640-E1F6064E7BBC}
	EndGlobalSection
EndGlobal
