
Microsoft Visual Studio Solution File, Format Version 12.00
# Visual Studio Version 17
VisualStudioVersion = 17.4.33213.308
MinimumVisualStudioVersion = 10.0.40219.1
Project("{FAE04EC0-301F-11D3-BF4B-00C04F79EFBC}") = "Z3_22.05.2023_tomasz_dyda", "Z3_22.05.2023_tomasz_dyda\Z3_22.05.2023_tomasz_dyda.csproj", "{F5D31AE8-F686-4424-89A3-9C4E98B0FFB8}"
EndProject
Project("{FAE04EC0-301F-11D3-BF4B-00C04F79EFBC}") = "ConsoleApp2", "ConsoleApp2\ConsoleApp2.csproj", "{9CEADDB8-FC19-4400-9DF0-C3015E7A407D}"
EndProject
Global
	GlobalSection(SolutionConfigurationPlatforms) = preSolution
		Debug|Any CPU = Debug|Any CPU
		Release|Any CPU = Release|Any CPU
	EndGlobalSection
	GlobalSection(ProjectConfigurationPlatforms) = postSolution
		{F5D31AE8-F686-4424-89A3-9C4E98B0FFB8}.Debug|Any CPU.ActiveCfg = Debug|Any CPU
		{F5D31AE8-F686-4424-89A3-9C4E98B0FFB8}.Debug|Any CPU.Build.0 = Debug|Any CPU
		{F5D31AE8-F686-4424-89A3-9C4E98B0FFB8}.Release|Any CPU.ActiveCfg = Release|Any CPU
		{F5D31AE8-F686-4424-89A3-9C4E98B0FFB8}.Release|Any CPU.Build.0 = Release|Any CPU
		{9CEADDB8-FC19-4400-9DF0-C3015E7A407D}.Debug|Any CPU.ActiveCfg = Debug|Any CPU
		{9CEADDB8-FC19-4400-9DF0-C3015E7A407D}.Debug|Any CPU.Build.0 = Debug|Any CPU
		{9CEADDB8-FC19-4400-9DF0-C3015E7A407D}.Release|Any CPU.ActiveCfg = Release|Any CPU
		{9CEADDB8-FC19-4400-9DF0-C3015E7A407D}.Release|Any CPU.Build.0 = Release|Any CPU
	EndGlobalSection
	GlobalSection(SolutionProperties) = preSolution
		HideSolutionNode = FALSE
	EndGlobalSection
	GlobalSection(ExtensibilityGlobals) = postSolution
		SolutionGuid = {3F94002E-27CE-431B-A255-96266D56433A}
	EndGlobalSection
EndGlobal
