
Microsoft Visual Studio Solution File, Format Version 12.00
# Visual Studio Version 17
VisualStudioVersion = 17.3.32922.545
MinimumVisualStudioVersion = 10.0.40219.1
Project("{FAE04EC0-301F-11D3-BF4B-00C04F79EFBC}") = "konstrukcje warunkowe", "konstrukcje warunkowe\konstrukcje warunkowe.csproj", "{F6B85747-78B7-4435-9F4F-51861E16ACF0}"
EndProject
Global
	GlobalSection(SolutionConfigurationPlatforms) = preSolution
		Debug|Any CPU = Debug|Any CPU
		Release|Any CPU = Release|Any CPU
	EndGlobalSection
	GlobalSection(ProjectConfigurationPlatforms) = postSolution
		{F6B85747-78B7-4435-9F4F-51861E16ACF0}.Debug|Any CPU.ActiveCfg = Debug|Any CPU
		{F6B85747-78B7-4435-9F4F-51861E16ACF0}.Debug|Any CPU.Build.0 = Debug|Any CPU
		{F6B85747-78B7-4435-9F4F-51861E16ACF0}.Release|Any CPU.ActiveCfg = Release|Any CPU
		{F6B85747-78B7-4435-9F4F-51861E16ACF0}.Release|Any CPU.Build.0 = Release|Any CPU
	EndGlobalSection
	GlobalSection(SolutionProperties) = preSolution
		HideSolutionNode = FALSE
	EndGlobalSection
	GlobalSection(ExtensibilityGlobals) = postSolution
		SolutionGuid = {47B1B52C-E21A-4D6A-9922-88D95BA29FCE}
	EndGlobalSection
EndGlobal
