
Microsoft Visual Studio Solution File, Format Version 12.00
# Visual Studio Version 17
VisualStudioVersion = 17.3.32922.545
MinimumVisualStudioVersion = 10.0.40219.1
Project("{FAE04EC0-301F-11D3-BF4B-00C04F79EFBC}") = "Metody Parse, TryParse, System.Convert", "Metody Parse, TryParse, System.Convert\Metody Parse, TryParse, System.Convert.csproj", "{2E4734D1-D158-4E79-8CAC-572D6CA9CB9D}"
EndProject
Global
	GlobalSection(SolutionConfigurationPlatforms) = preSolution
		Debug|Any CPU = Debug|Any CPU
		Release|Any CPU = Release|Any CPU
	EndGlobalSection
	GlobalSection(ProjectConfigurationPlatforms) = postSolution
		{2E4734D1-D158-4E79-8CAC-572D6CA9CB9D}.Debug|Any CPU.ActiveCfg = Debug|Any CPU
		{2E4734D1-D158-4E79-8CAC-572D6CA9CB9D}.Debug|Any CPU.Build.0 = Debug|Any CPU
		{2E4734D1-D158-4E79-8CAC-572D6CA9CB9D}.Release|Any CPU.ActiveCfg = Release|Any CPU
		{2E4734D1-D158-4E79-8CAC-572D6CA9CB9D}.Release|Any CPU.Build.0 = Release|Any CPU
	EndGlobalSection
	GlobalSection(SolutionProperties) = preSolution
		HideSolutionNode = FALSE
	EndGlobalSection
	GlobalSection(ExtensibilityGlobals) = postSolution
		SolutionGuid = {F3CF53DA-1733-433A-B6E8-F58095EA7699}
	EndGlobalSection
EndGlobal
